
Microsoft Visual Studio Solution File, Format Version 12.00
# Visual Studio Version 16
VisualStudioVersion = 16.0.30804.86
MinimumVisualStudioVersion = 10.0.40219.1
Project("{FAE04EC0-301F-11D3-BF4B-00C04F79EFBC}") = "LoginAndRegisterASPMVC5", "LoginAndRegisterASPMVC5\LoginAndRegisterASPMVC5.csproj", "{922FB3D7-2F05-4902-8719-08BEF7D8F2DA}"
EndProject
Global
	GlobalSection(SolutionConfigurationPlatforms) = preSolution
		Debug|Any CPU = Debug|Any CPU
		Release|Any CPU = Release|Any CPU
	EndGlobalSection
	GlobalSection(ProjectConfigurationPlatforms) = postSolution
		{922FB3D7-2F05-4902-8719-08BEF7D8F2DA}.Debug|Any CPU.ActiveCfg = Debug|Any CPU
		{922FB3D7-2F05-4902-8719-08BEF7D8F2DA}.Debug|Any CPU.Build.0 = Debug|Any CPU
		{922FB3D7-2F05-4902-8719-08BEF7D8F2DA}.Release|Any CPU.ActiveCfg = Release|Any CPU
		{922FB3D7-2F05-4902-8719-08BEF7D8F2DA}.Release|Any CPU.Build.0 = Release|Any CPU
	EndGlobalSection
	GlobalSection(SolutionProperties) = preSolution
		HideSolutionNode = FALSE
	EndGlobalSection
	GlobalSection(ExtensibilityGlobals) = postSolution
		SolutionGuid = {E238428A-C02A-4739-B871-F170A517FBCC}
	EndGlobalSection
EndGlobal
